
Microsoft Visual Studio Solution File, Format Version 12.00
# Visual Studio 15
VisualStudioVersion = 15.0.27130.2027
MinimumVisualStudioVersion = 10.0.40219.1
Project("{8BC9CEB8-8B4A-11D0-8D11-00A0C91BC942}") = "HackerRankTests", "HackerRankTests\HackerRankTests.vcxproj", "{05850FBE-C45D-46E1-874C-6BAF51402C93}"
EndProject
Project("{8BC9CEB8-8B4A-11D0-8D11-00A0C91BC942}") = "HackerRankSolutions", "HackerRankSolutions\HackerRankSolutions.vcxproj", "{D97B25F2-72E9-4308-BD85-76A46D859FBB}"
EndProject
Global
	GlobalSection(SolutionConfigurationPlatforms) = preSolution
		Debug|x64 = Debug|x64
		Debug|x86 = Debug|x86
		Release|x64 = Release|x64
		Release|x86 = Release|x86
	EndGlobalSection
	GlobalSection(ProjectConfigurationPlatforms) = postSolution
		{05850FBE-C45D-46E1-874C-6BAF51402C93}.Debug|x64.ActiveCfg = Debug|x64
		{05850FBE-C45D-46E1-874C-6BAF51402C93}.Debug|x64.Build.0 = Debug|x64
		{05850FBE-C45D-46E1-874C-6BAF51402C93}.Debug|x86.ActiveCfg = Debug|Win32
		{05850FBE-C45D-46E1-874C-6BAF51402C93}.Debug|x86.Build.0 = Debug|Win32
		{05850FBE-C45D-46E1-874C-6BAF51402C93}.Release|x64.ActiveCfg = Release|x64
		{05850FBE-C45D-46E1-874C-6BAF51402C93}.Release|x64.Build.0 = Release|x64
		{05850FBE-C45D-46E1-874C-6BAF51402C93}.Release|x86.ActiveCfg = Release|Win32
		{05850FBE-C45D-46E1-874C-6BAF51402C93}.Release|x86.Build.0 = Release|Win32
		{D97B25F2-72E9-4308-BD85-76A46D859FBB}.Debug|x64.ActiveCfg = Debug|x64
		{D97B25F2-72E9-4308-BD85-76A46D859FBB}.Debug|x64.Build.0 = Debug|x64
		{D97B25F2-72E9-4308-BD85-76A46D859FBB}.Debug|x86.ActiveCfg = Debug|Win32
		{D97B25F2-72E9-4308-BD85-76A46D859FBB}.Debug|x86.Build.0 = Debug|Win32
		{D97B25F2-72E9-4308-BD85-76A46D859FBB}.Release|x64.ActiveCfg = Release|x64
		{D97B25F2-72E9-4308-BD85-76A46D859FBB}.Release|x64.Build.0 = Release|x64
		{D97B25F2-72E9-4308-BD85-76A46D859FBB}.Release|x86.ActiveCfg = Release|Win32
		{D97B25F2-72E9-4308-BD85-76A46D859FBB}.Release|x86.Build.0 = Release|Win32
	EndGlobalSection
	GlobalSection(SolutionProperties) = preSolution
		HideSolutionNode = FALSE
	EndGlobalSection
	GlobalSection(ExtensibilityGlobals) = postSolution
		SolutionGuid = {4D023675-D8E0-4BB1-99EC-4FDEE56DB0C1}
	EndGlobalSection
EndGlobal
